
Microsoft Visual Studio Solution File, Format Version 12.00
# Visual Studio Version 17
VisualStudioVersion = 17.2.32616.157
MinimumVisualStudioVersion = 10.0.40219.1
Project("{FAE04EC0-301F-11D3-BF4B-00C04F79EFBC}") = "TRABALHO", "TRABALHO\TRABALHO.csproj", "{568B6ED9-1093-4B73-BE87-E71A94CDF817}"
EndProject
Global
	GlobalSection(SolutionConfigurationPlatforms) = preSolution
		Debug|Any CPU = Debug|Any CPU
		Release|Any CPU = Release|Any CPU
	EndGlobalSection
	GlobalSection(ProjectConfigurationPlatforms) = postSolution
		{568B6ED9-1093-4B73-BE87-E71A94CDF817}.Debug|Any CPU.ActiveCfg = Debug|Any CPU
		{568B6ED9-1093-4B73-BE87-E71A94CDF817}.Debug|Any CPU.Build.0 = Debug|Any CPU
		{568B6ED9-1093-4B73-BE87-E71A94CDF817}.Release|Any CPU.ActiveCfg = Release|Any CPU
		{568B6ED9-1093-4B73-BE87-E71A94CDF817}.Release|Any CPU.Build.0 = Release|Any CPU
	EndGlobalSection
	GlobalSection(SolutionProperties) = preSolution
		HideSolutionNode = FALSE
	EndGlobalSection
	GlobalSection(ExtensibilityGlobals) = postSolution
		SolutionGuid = {DC13033E-35D4-4878-99C5-ED0063796EED}
	EndGlobalSection
EndGlobal
